
Microsoft Visual Studio Solution File, Format Version 12.00
# Visual Studio Version 17
VisualStudioVersion = 17.4.33403.182
MinimumVisualStudioVersion = 10.0.40219.1
Project("{9A19103F-16F7-4668-BE54-9A1E7A4F7556}") = "SmartMeets", "SmartMeets.csproj", "{D42E9086-25ED-492B-B2AD-C73D36A8ADDC}"
EndProject
Global
	GlobalSection(SolutionConfigurationPlatforms) = preSolution
		Debug|Any CPU = Debug|Any CPU
		Release|Any CPU = Release|Any CPU
	EndGlobalSection
	GlobalSection(ProjectConfigurationPlatforms) = postSolution
		{D42E9086-25ED-492B-B2AD-C73D36A8ADDC}.Debug|Any CPU.ActiveCfg = Debug|Any CPU
		{D42E9086-25ED-492B-B2AD-C73D36A8ADDC}.Debug|Any CPU.Build.0 = Debug|Any CPU
		{D42E9086-25ED-492B-B2AD-C73D36A8ADDC}.Release|Any CPU.ActiveCfg = Release|Any CPU
		{D42E9086-25ED-492B-B2AD-C73D36A8ADDC}.Release|Any CPU.Build.0 = Release|Any CPU
	EndGlobalSection
	GlobalSection(SolutionProperties) = preSolution
		HideSolutionNode = FALSE
	EndGlobalSection
	GlobalSection(ExtensibilityGlobals) = postSolution
		SolutionGuid = {759D2F11-D46B-4246-A686-7F1CA188C9D9}
	EndGlobalSection
EndGlobal
